
Microsoft Visual Studio Solution File, Format Version 12.00
# Visual Studio 15
VisualStudioVersion = 15.0.26430.16
MinimumVisualStudioVersion = 10.0.40219.1
Project("{2150E333-8FDC-42A3-9474-1A3956D46DE8}") = "Server", "Server", "{FEB44F80-42B3-407A-83BA-DDF2CB4858E2}"
EndProject
Project("{FAE04EC0-301F-11D3-BF4B-00C04F79EFBC}") = "Server", "Server\Server.csproj", "{67C3E5C4-4814-4A6F-B487-EBFF79E8B63E}"
EndProject
Project("{2150E333-8FDC-42A3-9474-1A3956D46DE8}") = "Client", "Client", "{23CC48A7-3724-4574-8A32-A02FD029E06C}"
EndProject
Project("{FAE04EC0-301F-11D3-BF4B-00C04F79EFBC}") = "Client", "Client\Client.csproj", "{ECBEE228-3ADB-43D7-A81E-DAE8BA560B22}"
EndProject
Global
	GlobalSection(SolutionConfigurationPlatforms) = preSolution
		Debug|Any CPU = Debug|Any CPU
		Release|Any CPU = Release|Any CPU
	EndGlobalSection
	GlobalSection(ProjectConfigurationPlatforms) = postSolution
		{67C3E5C4-4814-4A6F-B487-EBFF79E8B63E}.Debug|Any CPU.ActiveCfg = Debug|Any CPU
		{67C3E5C4-4814-4A6F-B487-EBFF79E8B63E}.Debug|Any CPU.Build.0 = Debug|Any CPU
		{67C3E5C4-4814-4A6F-B487-EBFF79E8B63E}.Release|Any CPU.ActiveCfg = Release|Any CPU
		{67C3E5C4-4814-4A6F-B487-EBFF79E8B63E}.Release|Any CPU.Build.0 = Release|Any CPU
		{ECBEE228-3ADB-43D7-A81E-DAE8BA560B22}.Debug|Any CPU.ActiveCfg = Debug|Any CPU
		{ECBEE228-3ADB-43D7-A81E-DAE8BA560B22}.Debug|Any CPU.Build.0 = Debug|Any CPU
		{ECBEE228-3ADB-43D7-A81E-DAE8BA560B22}.Release|Any CPU.ActiveCfg = Release|Any CPU
		{ECBEE228-3ADB-43D7-A81E-DAE8BA560B22}.Release|Any CPU.Build.0 = Release|Any CPU
	EndGlobalSection
	GlobalSection(SolutionProperties) = preSolution
		HideSolutionNode = FALSE
	EndGlobalSection
	GlobalSection(NestedProjects) = preSolution
		{67C3E5C4-4814-4A6F-B487-EBFF79E8B63E} = {FEB44F80-42B3-407A-83BA-DDF2CB4858E2}
		{ECBEE228-3ADB-43D7-A81E-DAE8BA560B22} = {23CC48A7-3724-4574-8A32-A02FD029E06C}
	EndGlobalSection
EndGlobal
